// !$*UTF8*$!
{
	archiveVersion = 1;
	classes = {
	};
	objectVersion = 56;
	objects = {

/* Begin PBXBuildFile section */
		C3126CED2B4B191900CFBFDD /* AppDelegate.swift in Sources */ = {isa = PBXBuildFile; fileRef = C3126CEC2B4B191900CFBFDD /* AppDelegate.swift */; };
		C3126CEF2B4B191900CFBFDD /* SceneDelegate.swift in Sources */ = {isa = PBXBuildFile; fileRef = C3126CEE2B4B191900CFBFDD /* SceneDelegate.swift */; };
		C3126CF62B4B191B00CFBFDD /* Assets.xcassets in Resources */ = {isa = PBXBuildFile; fileRef = C3126CF52B4B191B00CFBFDD /* Assets.xcassets */; };
		C3126CF92B4B191B00CFBFDD /* LaunchScreen.storyboard in Resources */ = {isa = PBXBuildFile; fileRef = C3126CF72B4B191B00CFBFDD /* LaunchScreen.storyboard */; };
		C3126D092B4B353600CFBFDD /* SignUp.storyboard in Resources */ = {isa = PBXBuildFile; fileRef = C3126D082B4B353600CFBFDD /* SignUp.storyboard */; };
		C3126D0B2B4B354900CFBFDD /* SignUpViewController.swift in Sources */ = {isa = PBXBuildFile; fileRef = C3126D0A2B4B354900CFBFDD /* SignUpViewController.swift */; };
		C3126D0F2B4B42A500CFBFDD /* TT Commons DemiBold.otf in Resources */ = {isa = PBXBuildFile; fileRef = C3126D0E2B4B42A500CFBFDD /* TT Commons DemiBold.otf */; };
		C3126D112B4B42E900CFBFDD /* TT Commons Regular.otf in Resources */ = {isa = PBXBuildFile; fileRef = C3126D102B4B42E900CFBFDD /* TT Commons Regular.otf */; };
		C3126D132B4B42F400CFBFDD /* TT Commons Medium.otf in Resources */ = {isa = PBXBuildFile; fileRef = C3126D122B4B42F400CFBFDD /* TT Commons Medium.otf */; };
		C3126D152B4B431B00CFBFDD /* TT Commons Light.otf in Resources */ = {isa = PBXBuildFile; fileRef = C3126D142B4B431B00CFBFDD /* TT Commons Light.otf */; };
		C3126D172B4B46A200CFBFDD /* Colors.xcassets in Resources */ = {isa = PBXBuildFile; fileRef = C3126D162B4B46A200CFBFDD /* Colors.xcassets */; };
		C3126D1A2B4B47B900CFBFDD /* ColorExt.swift in Sources */ = {isa = PBXBuildFile; fileRef = C3126D192B4B47B900CFBFDD /* ColorExt.swift */; };
		C3126D1C2B4B486900CFBFDD /* Designable.swift in Sources */ = {isa = PBXBuildFile; fileRef = C3126D1B2B4B486900CFBFDD /* Designable.swift */; };
		C3126D1E2B4B48E600CFBFDD /* VCExt.swift in Sources */ = {isa = PBXBuildFile; fileRef = C3126D1D2B4B48E600CFBFDD /* VCExt.swift */; };
		C3126D202B4B490E00CFBFDD /* ViewExt.swift in Sources */ = {isa = PBXBuildFile; fileRef = C3126D1F2B4B490E00CFBFDD /* ViewExt.swift */; };
		C35A34AB2B4C7BFC0073927B /* Login.storyboard in Resources */ = {isa = PBXBuildFile; fileRef = C35A34AA2B4C7BFC0073927B /* Login.storyboard */; };
		C35A34AD2B4C7C180073927B /* LoginViewController.swift in Sources */ = {isa = PBXBuildFile; fileRef = C35A34AC2B4C7C180073927B /* LoginViewController.swift */; };
/* End PBXBuildFile section */

/* Begin PBXFileReference section */
		C3126CE92B4B191900CFBFDD /* YajhzTask.app */ = {isa = PBXFileReference; explicitFileType = wrapper.application; includeInIndex = 0; path = YajhzTask.app; sourceTree = BUILT_PRODUCTS_DIR; };
		C3126CEC2B4B191900CFBFDD /* AppDelegate.swift */ = {isa = PBXFileReference; lastKnownFileType = sourcecode.swift; path = AppDelegate.swift; sourceTree = "<group>"; };
		C3126CEE2B4B191900CFBFDD /* SceneDelegate.swift */ = {isa = PBXFileReference; lastKnownFileType = sourcecode.swift; path = SceneDelegate.swift; sourceTree = "<group>"; };
		C3126CF52B4B191B00CFBFDD /* Assets.xcassets */ = {isa = PBXFileReference; lastKnownFileType = folder.assetcatalog; path = Assets.xcassets; sourceTree = "<group>"; };
		C3126CF82B4B191B00CFBFDD /* Base */ = {isa = PBXFileReference; lastKnownFileType = file.storyboard; name = Base; path = Base.lproj/LaunchScreen.storyboard; sourceTree = "<group>"; };
		C3126CFA2B4B191B00CFBFDD /* Info.plist */ = {isa = PBXFileReference; lastKnownFileType = text.plist.xml; path = Info.plist; sourceTree = "<group>"; };
		C3126D082B4B353600CFBFDD /* SignUp.storyboard */ = {isa = PBXFileReference; lastKnownFileType = file.storyboard; path = SignUp.storyboard; sourceTree = "<group>"; };
		C3126D0A2B4B354900CFBFDD /* SignUpViewController.swift */ = {isa = PBXFileReference; lastKnownFileType = sourcecode.swift; path = SignUpViewController.swift; sourceTree = "<group>"; };
		C3126D0E2B4B42A500CFBFDD /* TT Commons DemiBold.otf */ = {isa = PBXFileReference; lastKnownFileType = file; path = "TT Commons DemiBold.otf"; sourceTree = "<group>"; };
		C3126D102B4B42E900CFBFDD /* TT Commons Regular.otf */ = {isa = PBXFileReference; lastKnownFileType = file; path = "TT Commons Regular.otf"; sourceTree = "<group>"; };
		C3126D122B4B42F400CFBFDD /* TT Commons Medium.otf */ = {isa = PBXFileReference; lastKnownFileType = file; path = "TT Commons Medium.otf"; sourceTree = "<group>"; };
		C3126D142B4B431B00CFBFDD /* TT Commons Light.otf */ = {isa = PBXFileReference; lastKnownFileType = file; path = "TT Commons Light.otf"; sourceTree = "<group>"; };
		C3126D162B4B46A200CFBFDD /* Colors.xcassets */ = {isa = PBXFileReference; lastKnownFileType = folder.assetcatalog; path = Colors.xcassets; sourceTree = "<group>"; };
		C3126D192B4B47B900CFBFDD /* ColorExt.swift */ = {isa = PBXFileReference; lastKnownFileType = sourcecode.swift; path = ColorExt.swift; sourceTree = "<group>"; };
		C3126D1B2B4B486900CFBFDD /* Designable.swift */ = {isa = PBXFileReference; lastKnownFileType = sourcecode.swift; path = Designable.swift; sourceTree = "<group>"; };
		C3126D1D2B4B48E600CFBFDD /* VCExt.swift */ = {isa = PBXFileReference; lastKnownFileType = sourcecode.swift; path = VCExt.swift; sourceTree = "<group>"; };
		C3126D1F2B4B490E00CFBFDD /* ViewExt.swift */ = {isa = PBXFileReference; lastKnownFileType = sourcecode.swift; path = ViewExt.swift; sourceTree = "<group>"; };
		C35A34AA2B4C7BFC0073927B /* Login.storyboard */ = {isa = PBXFileReference; lastKnownFileType = file.storyboard; path = Login.storyboard; sourceTree = "<group>"; };
		C35A34AC2B4C7C180073927B /* LoginViewController.swift */ = {isa = PBXFileReference; lastKnownFileType = sourcecode.swift; path = LoginViewController.swift; sourceTree = "<group>"; };
/* End PBXFileReference section */

/* Begin PBXFrameworksBuildPhase section */
		C3126CE62B4B191900CFBFDD /* Frameworks */ = {
			isa = PBXFrameworksBuildPhase;
			buildActionMask = 2147483647;
			files = (
			);
			runOnlyForDeploymentPostprocessing = 0;
		};
/* End PBXFrameworksBuildPhase section */

/* Begin PBXGroup section */
		C3126CE02B4B191900CFBFDD = {
			isa = PBXGroup;
			children = (
				C3126CEB2B4B191900CFBFDD /* YajhzTask */,
				C3126CEA2B4B191900CFBFDD /* Products */,
			);
			sourceTree = "<group>";
		};
		C3126CEA2B4B191900CFBFDD /* Products */ = {
			isa = PBXGroup;
			children = (
				C3126CE92B4B191900CFBFDD /* YajhzTask.app */,
			);
			name = Products;
			sourceTree = "<group>";
		};
		C3126CEB2B4B191900CFBFDD /* YajhzTask */ = {
			isa = PBXGroup;
			children = (
				C3126CEC2B4B191900CFBFDD /* AppDelegate.swift */,
				C3126CEE2B4B191900CFBFDD /* SceneDelegate.swift */,
				C3126D0C2B4B421700CFBFDD /* Helpers */,
				C3126D002B4B34D100CFBFDD /* Auth */,
				C3126CF52B4B191B00CFBFDD /* Assets.xcassets */,
				C3126D162B4B46A200CFBFDD /* Colors.xcassets */,
				C3126CF72B4B191B00CFBFDD /* LaunchScreen.storyboard */,
				C3126CFA2B4B191B00CFBFDD /* Info.plist */,
			);
			path = YajhzTask;
			sourceTree = "<group>";
		};
		C3126D002B4B34D100CFBFDD /* Auth */ = {
			isa = PBXGroup;
			children = (
				C3126D012B4B34E800CFBFDD /* SignUp */,
				C35A34A72B4C7BE10073927B /* Login */,
			);
			path = Auth;
			sourceTree = "<group>";
		};
		C3126D012B4B34E800CFBFDD /* SignUp */ = {
			isa = PBXGroup;
			children = (
				C3126D032B4B350C00CFBFDD /* Controller */,
				C3126D022B4B350300CFBFDD /* View */,
			);
			path = SignUp;
			sourceTree = "<group>";
		};
		C3126D022B4B350300CFBFDD /* View */ = {
			isa = PBXGroup;
			children = (
				C3126D082B4B353600CFBFDD /* SignUp.storyboard */,
			);
			path = View;
			sourceTree = "<group>";
		};
		C3126D032B4B350C00CFBFDD /* Controller */ = {
			isa = PBXGroup;
			children = (
				C3126D0A2B4B354900CFBFDD /* SignUpViewController.swift */,
			);
			path = Controller;
			sourceTree = "<group>";
		};
		C3126D0C2B4B421700CFBFDD /* Helpers */ = {
			isa = PBXGroup;
			children = (
				C3126D182B4B47A800CFBFDD /* Extentions */,
				C3126D0D2B4B422300CFBFDD /* Fonts */,
			);
			path = Helpers;
			sourceTree = "<group>";
		};
		C3126D0D2B4B422300CFBFDD /* Fonts */ = {
			isa = PBXGroup;
			children = (
				C3126D0E2B4B42A500CFBFDD /* TT Commons DemiBold.otf */,
				C3126D102B4B42E900CFBFDD /* TT Commons Regular.otf */,
				C3126D122B4B42F400CFBFDD /* TT Commons Medium.otf */,
				C3126D142B4B431B00CFBFDD /* TT Commons Light.otf */,
			);
			path = Fonts;
			sourceTree = "<group>";
		};
		C3126D182B4B47A800CFBFDD /* Extentions */ = {
			isa = PBXGroup;
			children = (
				C3126D192B4B47B900CFBFDD /* ColorExt.swift */,
				C3126D1B2B4B486900CFBFDD /* Designable.swift */,
				C3126D1D2B4B48E600CFBFDD /* VCExt.swift */,
				C3126D1F2B4B490E00CFBFDD /* ViewExt.swift */,
			);
			path = Extentions;
			sourceTree = "<group>";
		};
		C35A34A72B4C7BE10073927B /* Login */ = {
			isa = PBXGroup;
			children = (
				C35A34A92B4C7BED0073927B /* Controller */,
				C35A34A82B4C7BE80073927B /* View */,
			);
			path = Login;
			sourceTree = "<group>";
		};
		C35A34A82B4C7BE80073927B /* View */ = {
			isa = PBXGroup;
			children = (
				C35A34AA2B4C7BFC0073927B /* Login.storyboard */,
			);
			path = View;
			sourceTree = "<group>";
		};
		C35A34A92B4C7BED0073927B /* Controller */ = {
			isa = PBXGroup;
			children = (
				C35A34AC2B4C7C180073927B /* LoginViewController.swift */,
			);
			path = Controller;
			sourceTree = "<group>";
		};
/* End PBXGroup section */

/* Begin PBXNativeTarget section */
		C3126CE82B4B191900CFBFDD /* YajhzTask */ = {
			isa = PBXNativeTarget;
			buildConfigurationList = C3126CFD2B4B191B00CFBFDD /* Build configuration list for PBXNativeTarget "YajhzTask" */;
			buildPhases = (
				C3126CE52B4B191900CFBFDD /* Sources */,
				C3126CE62B4B191900CFBFDD /* Frameworks */,
				C3126CE72B4B191900CFBFDD /* Resources */,
			);
			buildRules = (
			);
			dependencies = (
			);
			name = YajhzTask;
			productName = YajhzTask;
			productReference = C3126CE92B4B191900CFBFDD /* YajhzTask.app */;
			productType = "com.apple.product-type.application";
		};
/* End PBXNativeTarget section */

/* Begin PBXProject section */
		C3126CE12B4B191900CFBFDD /* Project object */ = {
			isa = PBXProject;
			attributes = {
				BuildIndependentTargetsInParallel = 1;
				LastSwiftUpdateCheck = 1420;
				LastUpgradeCheck = 1420;
				TargetAttributes = {
					C3126CE82B4B191900CFBFDD = {
						CreatedOnToolsVersion = 14.2;
					};
				};
			};
			buildConfigurationList = C3126CE42B4B191900CFBFDD /* Build configuration list for PBXProject "YajhzTask" */;
			compatibilityVersion = "Xcode 14.0";
			developmentRegion = en;
			hasScannedForEncodings = 0;
			knownRegions = (
				en,
				Base,
			);
			mainGroup = C3126CE02B4B191900CFBFDD;
			productRefGroup = C3126CEA2B4B191900CFBFDD /* Products */;
			projectDirPath = "";
			projectRoot = "";
			targets = (
				C3126CE82B4B191900CFBFDD /* YajhzTask */,
			);
		};
/* End PBXProject section */

/* Begin PBXResourcesBuildPhase section */
		C3126CE72B4B191900CFBFDD /* Resources */ = {
			isa = PBXResourcesBuildPhase;
			buildActionMask = 2147483647;
			files = (
				C3126CF92B4B191B00CFBFDD /* LaunchScreen.storyboard in Resources */,
				C3126D112B4B42E900CFBFDD /* TT Commons Regular.otf in Resources */,
				C3126CF62B4B191B00CFBFDD /* Assets.xcassets in Resources */,
				C3126D132B4B42F400CFBFDD /* TT Commons Medium.otf in Resources */,
				C3126D152B4B431B00CFBFDD /* TT Commons Light.otf in Resources */,
				C3126D172B4B46A200CFBFDD /* Colors.xcassets in Resources */,
				C3126D0F2B4B42A500CFBFDD /* TT Commons DemiBold.otf in Resources */,
				C3126D092B4B353600CFBFDD /* SignUp.storyboard in Resources */,
				C35A34AB2B4C7BFC0073927B /* Login.storyboard in Resources */,
			);
			runOnlyForDeploymentPostprocessing = 0;
		};
/* End PBXResourcesBuildPhase section */

/* Begin PBXSourcesBuildPhase section */
		C3126CE52B4B191900CFBFDD /* Sources */ = {
			isa = PBXSourcesBuildPhase;
			buildActionMask = 2147483647;
			files = (
				C3126D1E2B4B48E600CFBFDD /* VCExt.swift in Sources */,
				C3126D0B2B4B354900CFBFDD /* SignUpViewController.swift in Sources */,
				C3126D1A2B4B47B900CFBFDD /* ColorExt.swift in Sources */,
				C3126CED2B4B191900CFBFDD /* AppDelegate.swift in Sources */,
				C35A34AD2B4C7C180073927B /* LoginViewController.swift in Sources */,
				C3126D202B4B490E00CFBFDD /* ViewExt.swift in Sources */,
				C3126D1C2B4B486900CFBFDD /* Designable.swift in Sources */,
				C3126CEF2B4B191900CFBFDD /* SceneDelegate.swift in Sources */,
			);
			runOnlyForDeploymentPostprocessing = 0;
		};
/* End PBXSourcesBuildPhase section */

/* Begin PBXVariantGroup section */
		C3126CF72B4B191B00CFBFDD /* LaunchScreen.storyboard */ = {
			isa = PBXVariantGroup;
			children = (
				C3126CF82B4B191B00CFBFDD /* Base */,
			);
			name = LaunchScreen.storyboard;
			sourceTree = "<group>";
		};
/* End PBXVariantGroup section */

/* Begin XCBuildConfiguration section */
		C3126CFB2B4B191B00CFBFDD /* Debug */ = {
			isa = XCBuildConfiguration;
			buildSettings = {
				ALWAYS_SEARCH_USER_PATHS = NO;
				CLANG_ANALYZER_NONNULL = YES;
				CLANG_ANALYZER_NUMBER_OBJECT_CONVERSION = YES_AGGRESSIVE;
				CLANG_CXX_LANGUAGE_STANDARD = "gnu++20";
				CLANG_ENABLE_MODULES = YES;
				CLANG_ENABLE_OBJC_ARC = YES;
				CLANG_ENABLE_OBJC_WEAK = YES;
				CLANG_WARN_BLOCK_CAPTURE_AUTORELEASING = YES;
				CLANG_WARN_BOOL_CONVERSION = YES;
				CLANG_WARN_COMMA = YES;
				CLANG_WARN_CONSTANT_CONVERSION = YES;
				CLANG_WARN_DEPRECATED_OBJC_IMPLEMENTATIONS = YES;
				CLANG_WARN_DIRECT_OBJC_ISA_USAGE = YES_ERROR;
				CLANG_WARN_DOCUMENTATION_COMMENTS = YES;
				CLANG_WARN_EMPTY_BODY = YES;
				CLANG_WARN_ENUM_CONVERSION = YES;
				CLANG_WARN_INFINITE_RECURSION = YES;
				CLANG_WARN_INT_CONVERSION = YES;
				CLANG_WARN_NON_LITERAL_NULL_CONVERSION = YES;
				CLANG_WARN_OBJC_IMPLICIT_RETAIN_SELF = YES;
				CLANG_WARN_OBJC_LITERAL_CONVERSION = YES;
				CLANG_WARN_OBJC_ROOT_CLASS = YES_ERROR;
				CLANG_WARN_QUOTED_INCLUDE_IN_FRAMEWORK_HEADER = YES;
				CLANG_WARN_RANGE_LOOP_ANALYSIS = YES;
				CLANG_WARN_STRICT_PROTOTYPES = YES;
				CLANG_WARN_SUSPICIOUS_MOVE = YES;
				CLANG_WARN_UNGUARDED_AVAILABILITY = YES_AGGRESSIVE;
				CLANG_WARN_UNREACHABLE_CODE = YES;
				CLANG_WARN__DUPLICATE_METHOD_MATCH = YES;
				COPY_PHASE_STRIP = NO;
				DEBUG_INFORMATION_FORMAT = dwarf;
				ENABLE_STRICT_OBJC_MSGSEND = YES;
				ENABLE_TESTABILITY = YES;
				GCC_C_LANGUAGE_STANDARD = gnu11;
				GCC_DYNAMIC_NO_PIC = NO;
				GCC_NO_COMMON_BLOCKS = YES;
				GCC_OPTIMIZATION_LEVEL = 0;
				GCC_PREPROCESSOR_DEFINITIONS = (
					"DEBUG=1",
					"$(inherited)",
				);
				GCC_WARN_64_TO_32_BIT_CONVERSION = YES;
				GCC_WARN_ABOUT_RETURN_TYPE = YES_ERROR;
				GCC_WARN_UNDECLARED_SELECTOR = YES;
				GCC_WARN_UNINITIALIZED_AUTOS = YES_AGGRESSIVE;
				GCC_WARN_UNUSED_FUNCTION = YES;
				GCC_WARN_UNUSED_VARIABLE = YES;
				IPHONEOS_DEPLOYMENT_TARGET = 16.2;
				MTL_ENABLE_DEBUG_INFO = INCLUDE_SOURCE;
				MTL_FAST_MATH = YES;
				ONLY_ACTIVE_ARCH = YES;
				SDKROOT = iphoneos;
				SWIFT_ACTIVE_COMPILATION_CONDITIONS = DEBUG;
				SWIFT_OPTIMIZATION_LEVEL = "-Onone";
			};
			name = Debug;
		};
		C3126CFC2B4B191B00CFBFDD /* Release */ = {
			isa = XCBuildConfiguration;
			buildSettings = {
				ALWAYS_SEARCH_USER_PATHS = NO;
				CLANG_ANALYZER_NONNULL = YES;
				CLANG_ANALYZER_NUMBER_OBJECT_CONVERSION = YES_AGGRESSIVE;
				CLANG_CXX_LANGUAGE_STANDARD = "gnu++20";
				CLANG_ENABLE_MODULES = YES;
				CLANG_ENABLE_OBJC_ARC = YES;
				CLANG_ENABLE_OBJC_WEAK = YES;
				CLANG_WARN_BLOCK_CAPTURE_AUTORELEASING = YES;
				CLANG_WARN_BOOL_CONVERSION = YES;
				CLANG_WARN_COMMA = YES;
				CLANG_WARN_CONSTANT_CONVERSION = YES;
				CLANG_WARN_DEPRECATED_OBJC_IMPLEMENTATIONS = YES;
				CLANG_WARN_DIRECT_OBJC_ISA_USAGE = YES_ERROR;
				CLANG_WARN_DOCUMENTATION_COMMENTS = YES;
				CLANG_WARN_EMPTY_BODY = YES;
				CLANG_WARN_ENUM_CONVERSION = YES;
				CLANG_WARN_INFINITE_RECURSION = YES;
				CLANG_WARN_INT_CONVERSION = YES;
				CLANG_WARN_NON_LITERAL_NULL_CONVERSION = YES;
				CLANG_WARN_OBJC_IMPLICIT_RETAIN_SELF = YES;
				CLANG_WARN_OBJC_LITERAL_CONVERSION = YES;
				CLANG_WARN_OBJC_ROOT_CLASS = YES_ERROR;
				CLANG_WARN_QUOTED_INCLUDE_IN_FRAMEWORK_HEADER = YES;
				CLANG_WARN_RANGE_LOOP_ANALYSIS = YES;
				CLANG_WARN_STRICT_PROTOTYPES = YES;
				CLANG_WARN_SUSPICIOUS_MOVE = YES;
				CLANG_WARN_UNGUARDED_AVAILABILITY = YES_AGGRESSIVE;
				CLANG_WARN_UNREACHABLE_CODE = YES;
				CLANG_WARN__DUPLICATE_METHOD_MATCH = YES;
				COPY_PHASE_STRIP = NO;
				DEBUG_INFORMATION_FORMAT = "dwarf-with-dsym";
				ENABLE_NS_ASSERTIONS = NO;
				ENABLE_STRICT_OBJC_MSGSEND = YES;
				GCC_C_LANGUAGE_STANDARD = gnu11;
				GCC_NO_COMMON_BLOCKS = YES;
				GCC_WARN_64_TO_32_BIT_CONVERSION = YES;
				GCC_WARN_ABOUT_RETURN_TYPE = YES_ERROR;
				GCC_WARN_UNDECLARED_SELECTOR = YES;
				GCC_WARN_UNINITIALIZED_AUTOS = YES_AGGRESSIVE;
				GCC_WARN_UNUSED_FUNCTION = YES;
				GCC_WARN_UNUSED_VARIABLE = YES;
				IPHONEOS_DEPLOYMENT_TARGET = 16.2;
				MTL_ENABLE_DEBUG_INFO = NO;
				MTL_FAST_MATH = YES;
				SDKROOT = iphoneos;
				SWIFT_COMPILATION_MODE = wholemodule;
				SWIFT_OPTIMIZATION_LEVEL = "-O";
				VALIDATE_PRODUCT = YES;
			};
			name = Release;
		};
		C3126CFE2B4B191B00CFBFDD /* Debug */ = {
			isa = XCBuildConfiguration;
			buildSettings = {
				ASSETCATALOG_COMPILER_APPICON_NAME = AppIcon;
				ASSETCATALOG_COMPILER_GLOBAL_ACCENT_COLOR_NAME = AccentColor;
				CODE_SIGN_STYLE = Automatic;
				CURRENT_PROJECT_VERSION = 1;
				DEVELOPMENT_TEAM = 346Q44X4XP;
				GENERATE_INFOPLIST_FILE = YES;
				INFOPLIST_FILE = YajhzTask/Info.plist;
				INFOPLIST_KEY_UIApplicationSupportsIndirectInputEvents = YES;
				INFOPLIST_KEY_UILaunchStoryboardName = LaunchScreen;
				INFOPLIST_KEY_UISupportedInterfaceOrientations_iPad = "UIInterfaceOrientationPortrait UIInterfaceOrientationPortraitUpsideDown UIInterfaceOrientationLandscapeLeft UIInterfaceOrientationLandscapeRight";
				INFOPLIST_KEY_UISupportedInterfaceOrientations_iPhone = "UIInterfaceOrientationPortrait UIInterfaceOrientationLandscapeLeft UIInterfaceOrientationLandscapeRight";
				LD_RUNPATH_SEARCH_PATHS = (
					"$(inherited)",
					"@executable_path/Frameworks",
				);
				MARKETING_VERSION = 1.0;
				PRODUCT_BUNDLE_IDENTIFIER = task.YajhzTask;
				PRODUCT_NAME = "$(TARGET_NAME)";
				SWIFT_EMIT_LOC_STRINGS = YES;
				SWIFT_VERSION = 5.0;
				TARGETED_DEVICE_FAMILY = "1,2";
			};
			name = Debug;
		};
		C3126CFF2B4B191B00CFBFDD /* Release */ = {
			isa = XCBuildConfiguration;
			buildSettings = {
				ASSETCATALOG_COMPILER_APPICON_NAME = AppIcon;
				ASSETCATALOG_COMPILER_GLOBAL_ACCENT_COLOR_NAME = AccentColor;
				CODE_SIGN_STYLE = Automatic;
				CURRENT_PROJECT_VERSION = 1;
				DEVELOPMENT_TEAM = 346Q44X4XP;
				GENERATE_INFOPLIST_FILE = YES;
				INFOPLIST_FILE = YajhzTask/Info.plist;
				INFOPLIST_KEY_UIApplicationSupportsIndirectInputEvents = YES;
				INFOPLIST_KEY_UILaunchStoryboardName = LaunchScreen;
				INFOPLIST_KEY_UISupportedInterfaceOrientations_iPad = "UIInterfaceOrientationPortrait UIInterfaceOrientationPortraitUpsideDown UIInterfaceOrientationLandscapeLeft UIInterfaceOrientationLandscapeRight";
				INFOPLIST_KEY_UISupportedInterfaceOrientations_iPhone = "UIInterfaceOrientationPortrait UIInterfaceOrientationLandscapeLeft UIInterfaceOrientationLandscapeRight";
				LD_RUNPATH_SEARCH_PATHS = (
					"$(inherited)",
					"@executable_path/Frameworks",
				);
				MARKETING_VERSION = 1.0;
				PRODUCT_BUNDLE_IDENTIFIER = task.YajhzTask;
				PRODUCT_NAME = "$(TARGET_NAME)";
				SWIFT_EMIT_LOC_STRINGS = YES;
				SWIFT_VERSION = 5.0;
				TARGETED_DEVICE_FAMILY = "1,2";
			};
			name = Release;
		};
/* End XCBuildConfiguration section */

/* Begin XCConfigurationList section */
		C3126CE42B4B191900CFBFDD /* Build configuration list for PBXProject "YajhzTask" */ = {
			isa = XCConfigurationList;
			buildConfigurations = (
				C3126CFB2B4B191B00CFBFDD /* Debug */,
				C3126CFC2B4B191B00CFBFDD /* Release */,
			);
			defaultConfigurationIsVisible = 0;
			defaultConfigurationName = Release;
		};
		C3126CFD2B4B191B00CFBFDD /* Build configuration list for PBXNativeTarget "YajhzTask" */ = {
			isa = XCConfigurationList;
			buildConfigurations = (
				C3126CFE2B4B191B00CFBFDD /* Debug */,
				C3126CFF2B4B191B00CFBFDD /* Release */,
			);
			defaultConfigurationIsVisible = 0;
			defaultConfigurationName = Release;
		};
/* End XCConfigurationList section */
	};
	rootObject = C3126CE12B4B191900CFBFDD /* Project object */;
}
