// !$*UTF8*$!
{
	archiveVersion = 1;
	classes = {
	};
	objectVersion = 56;
	objects = {

/* Begin PBXBuildFile section */
		C3126CED2B4B191900CFBFDD /* AppDelegate.swift in Sources */ = {isa = PBXBuildFile; fileRef = C3126CEC2B4B191900CFBFDD /* AppDelegate.swift */; };
		C3126CEF2B4B191900CFBFDD /* SceneDelegate.swift in Sources */ = {isa = PBXBuildFile; fileRef = C3126CEE2B4B191900CFBFDD /* SceneDelegate.swift */; };
		C3126CF62B4B191B00CFBFDD /* Assets.xcassets in Resources */ = {isa = PBXBuildFile; fileRef = C3126CF52B4B191B00CFBFDD /* Assets.xcassets */; };
		C3126CF92B4B191B00CFBFDD /* LaunchScreen.storyboard in Resources */ = {isa = PBXBuildFile; fileRef = C3126CF72B4B191B00CFBFDD /* LaunchScreen.storyboard */; };
		C3126D092B4B353600CFBFDD /* SignUp.storyboard in Resources */ = {isa = PBXBuildFile; fileRef = C3126D082B4B353600CFBFDD /* SignUp.storyboard */; };
		C3126D0B2B4B354900CFBFDD /* SignUpViewController.swift in Sources */ = {isa = PBXBuildFile; fileRef = C3126D0A2B4B354900CFBFDD /* SignUpViewController.swift */; };
		C3126D0F2B4B42A500CFBFDD /* TT Commons DemiBold.otf in Resources */ = {isa = PBXBuildFile; fileRef = C3126D0E2B4B42A500CFBFDD /* TT Commons DemiBold.otf */; };
		C3126D112B4B42E900CFBFDD /* TT Commons Regular.otf in Resources */ = {isa = PBXBuildFile; fileRef = C3126D102B4B42E900CFBFDD /* TT Commons Regular.otf */; };
		C3126D132B4B42F400CFBFDD /* TT Commons Medium.otf in Resources */ = {isa = PBXBuildFile; fileRef = C3126D122B4B42F400CFBFDD /* TT Commons Medium.otf */; };
		C3126D152B4B431B00CFBFDD /* TT Commons Light.otf in Resources */ = {isa = PBXBuildFile; fileRef = C3126D142B4B431B00CFBFDD /* TT Commons Light.otf */; };
		C3126D172B4B46A200CFBFDD /* Colors.xcassets in Resources */ = {isa = PBXBuildFile; fileRef = C3126D162B4B46A200CFBFDD /* Colors.xcassets */; };
		C3126D1A2B4B47B900CFBFDD /* ColorExt.swift in Sources */ = {isa = PBXBuildFile; fileRef = C3126D192B4B47B900CFBFDD /* ColorExt.swift */; };
		C3126D1C2B4B486900CFBFDD /* Designable.swift in Sources */ = {isa = PBXBuildFile; fileRef = C3126D1B2B4B486900CFBFDD /* Designable.swift */; };
		C3126D1E2B4B48E600CFBFDD /* VCExt.swift in Sources */ = {isa = PBXBuildFile; fileRef = C3126D1D2B4B48E600CFBFDD /* VCExt.swift */; };
		C3126D202B4B490E00CFBFDD /* ViewExt.swift in Sources */ = {isa = PBXBuildFile; fileRef = C3126D1F2B4B490E00CFBFDD /* ViewExt.swift */; };
		C31C17752B4DE34200B0719E /* APIRequest.swift in Sources */ = {isa = PBXBuildFile; fileRef = C31C17742B4DE34200B0719E /* APIRequest.swift */; };
		C31C17772B4DE91200B0719E /* EndPoints.swift in Sources */ = {isa = PBXBuildFile; fileRef = C31C17762B4DE91200B0719E /* EndPoints.swift */; };
		C31C177A2B4DF0A200B0719E /* HomeModel.swift in Sources */ = {isa = PBXBuildFile; fileRef = C31C17792B4DF0A200B0719E /* HomeModel.swift */; };
		C31C177C2B4DF0E200B0719E /* Services.swift in Sources */ = {isa = PBXBuildFile; fileRef = C31C177B2B4DF0E200B0719E /* Services.swift */; };
		C31C177E2B4DF51800B0719E /* Home+API.swift in Sources */ = {isa = PBXBuildFile; fileRef = C31C177D2B4DF51800B0719E /* Home+API.swift */; };
		C31C17812B4DF6AA00B0719E /* AlertView.swift in Sources */ = {isa = PBXBuildFile; fileRef = C31C17802B4DF6AA00B0719E /* AlertView.swift */; };
		C31C17832B4E145200B0719E /* Login+API.swift in Sources */ = {isa = PBXBuildFile; fileRef = C31C17822B4E145200B0719E /* Login+API.swift */; };
		C31C17852B4E15C800B0719E /* SignUp+API.swift in Sources */ = {isa = PBXBuildFile; fileRef = C31C17842B4E15C800B0719E /* SignUp+API.swift */; };
		C31C17882B4E19C100B0719E /* LoginModel.swift in Sources */ = {isa = PBXBuildFile; fileRef = C31C17872B4E19C100B0719E /* LoginModel.swift */; };
		C31C178B2B4E1AD200B0719E /* SignUpModel.swift in Sources */ = {isa = PBXBuildFile; fileRef = C31C178A2B4E1AD200B0719E /* SignUpModel.swift */; };
		C35A34AB2B4C7BFC0073927B /* Login.storyboard in Resources */ = {isa = PBXBuildFile; fileRef = C35A34AA2B4C7BFC0073927B /* Login.storyboard */; };
		C35A34AD2B4C7C180073927B /* LoginViewController.swift in Sources */ = {isa = PBXBuildFile; fileRef = C35A34AC2B4C7C180073927B /* LoginViewController.swift */; };
		C372B1722B4CC758002D2D5F /* Home.storyboard in Resources */ = {isa = PBXBuildFile; fileRef = C372B1712B4CC758002D2D5F /* Home.storyboard */; };
		C372B1752B4CC76C002D2D5F /* HomeViewController.swift in Sources */ = {isa = PBXBuildFile; fileRef = C372B1742B4CC76C002D2D5F /* HomeViewController.swift */; };
		C372B1782B4CCB19002D2D5F /* CategoriesTableViewCell.swift in Sources */ = {isa = PBXBuildFile; fileRef = C372B1772B4CCB19002D2D5F /* CategoriesTableViewCell.swift */; };
		C372B17C2B4CCB3B002D2D5F /* CategoriesCollectionViewCell.swift in Sources */ = {isa = PBXBuildFile; fileRef = C372B17A2B4CCB3B002D2D5F /* CategoriesCollectionViewCell.swift */; };
		C372B17D2B4CCB3B002D2D5F /* CategoriesCollectionViewCell.xib in Resources */ = {isa = PBXBuildFile; fileRef = C372B17B2B4CCB3B002D2D5F /* CategoriesCollectionViewCell.xib */; };
		C37E85C82B4CD5D400084624 /* HeaderTableViewCell.swift in Sources */ = {isa = PBXBuildFile; fileRef = C37E85C62B4CD5D400084624 /* HeaderTableViewCell.swift */; };
		C37E85C92B4CD5D400084624 /* HeaderTableViewCell.xib in Resources */ = {isa = PBXBuildFile; fileRef = C37E85C72B4CD5D400084624 /* HeaderTableViewCell.xib */; };
		C387037D2B4DBFFB00577299 /* Home+TableDelegate.swift in Sources */ = {isa = PBXBuildFile; fileRef = C387037C2B4DBFFB00577299 /* Home+TableDelegate.swift */; };
		C387037F2B4DC31D00577299 /* CategoriesTableCell+CollectionDelegate.swift in Sources */ = {isa = PBXBuildFile; fileRef = C387037E2B4DC31D00577299 /* CategoriesTableCell+CollectionDelegate.swift */; };
		C38703812B4DC83500577299 /* PopularTableViewCell.swift in Sources */ = {isa = PBXBuildFile; fileRef = C38703802B4DC83500577299 /* PopularTableViewCell.swift */; };
		C38703832B4DC85A00577299 /* PopularTableCell+CellectionDelegate.swift in Sources */ = {isa = PBXBuildFile; fileRef = C38703822B4DC85900577299 /* PopularTableCell+CellectionDelegate.swift */; };
		C38703852B4DCA2200577299 /* TrendingTableViewCell.swift in Sources */ = {isa = PBXBuildFile; fileRef = C38703842B4DCA2200577299 /* TrendingTableViewCell.swift */; };
		C38703872B4DCA3B00577299 /* Trending+CollectionDelegate.swift in Sources */ = {isa = PBXBuildFile; fileRef = C38703862B4DCA3B00577299 /* Trending+CollectionDelegate.swift */; };
		C387038B2B4DCAB200577299 /* PopularCollectionViewCell.swift in Sources */ = {isa = PBXBuildFile; fileRef = C38703892B4DCAB200577299 /* PopularCollectionViewCell.swift */; };
		C387038C2B4DCAB200577299 /* PopularCollectionViewCell.xib in Resources */ = {isa = PBXBuildFile; fileRef = C387038A2B4DCAB200577299 /* PopularCollectionViewCell.xib */; };
		C38703902B4DCAD400577299 /* TrendingCollectionViewCell.swift in Sources */ = {isa = PBXBuildFile; fileRef = C387038E2B4DCAD400577299 /* TrendingCollectionViewCell.swift */; };
		C38703912B4DCAD400577299 /* TrendingCollectionViewCell.xib in Resources */ = {isa = PBXBuildFile; fileRef = C387038F2B4DCAD400577299 /* TrendingCollectionViewCell.xib */; };
		F74EF49994902CBCBB47351D /* Pods_YajhzTask.framework in Frameworks */ = {isa = PBXBuildFile; fileRef = 0852275E268618AED10B93D9 /* Pods_YajhzTask.framework */; };
/* End PBXBuildFile section */

/* Begin PBXFileReference section */
		0852275E268618AED10B93D9 /* Pods_YajhzTask.framework */ = {isa = PBXFileReference; explicitFileType = wrapper.framework; includeInIndex = 0; path = Pods_YajhzTask.framework; sourceTree = BUILT_PRODUCTS_DIR; };
		118701D428BD221778DBD1F6 /* Pods-YajhzTask.release.xcconfig */ = {isa = PBXFileReference; includeInIndex = 1; lastKnownFileType = text.xcconfig; name = "Pods-YajhzTask.release.xcconfig"; path = "Target Support Files/Pods-YajhzTask/Pods-YajhzTask.release.xcconfig"; sourceTree = "<group>"; };
		903576BC2355A61979916AE0 /* Pods-YajhzTask.debug.xcconfig */ = {isa = PBXFileReference; includeInIndex = 1; lastKnownFileType = text.xcconfig; name = "Pods-YajhzTask.debug.xcconfig"; path = "Target Support Files/Pods-YajhzTask/Pods-YajhzTask.debug.xcconfig"; sourceTree = "<group>"; };
		C3126CE92B4B191900CFBFDD /* YajhzTask.app */ = {isa = PBXFileReference; explicitFileType = wrapper.application; includeInIndex = 0; path = YajhzTask.app; sourceTree = BUILT_PRODUCTS_DIR; };
		C3126CEC2B4B191900CFBFDD /* AppDelegate.swift */ = {isa = PBXFileReference; lastKnownFileType = sourcecode.swift; path = AppDelegate.swift; sourceTree = "<group>"; };
		C3126CEE2B4B191900CFBFDD /* SceneDelegate.swift */ = {isa = PBXFileReference; lastKnownFileType = sourcecode.swift; path = SceneDelegate.swift; sourceTree = "<group>"; };
		C3126CF52B4B191B00CFBFDD /* Assets.xcassets */ = {isa = PBXFileReference; lastKnownFileType = folder.assetcatalog; path = Assets.xcassets; sourceTree = "<group>"; };
		C3126CF82B4B191B00CFBFDD /* Base */ = {isa = PBXFileReference; lastKnownFileType = file.storyboard; name = Base; path = Base.lproj/LaunchScreen.storyboard; sourceTree = "<group>"; };
		C3126CFA2B4B191B00CFBFDD /* Info.plist */ = {isa = PBXFileReference; lastKnownFileType = text.plist.xml; path = Info.plist; sourceTree = "<group>"; };
		C3126D082B4B353600CFBFDD /* SignUp.storyboard */ = {isa = PBXFileReference; lastKnownFileType = file.storyboard; path = SignUp.storyboard; sourceTree = "<group>"; };
		C3126D0A2B4B354900CFBFDD /* SignUpViewController.swift */ = {isa = PBXFileReference; lastKnownFileType = sourcecode.swift; path = SignUpViewController.swift; sourceTree = "<group>"; };
		C3126D0E2B4B42A500CFBFDD /* TT Commons DemiBold.otf */ = {isa = PBXFileReference; lastKnownFileType = file; path = "TT Commons DemiBold.otf"; sourceTree = "<group>"; };
		C3126D102B4B42E900CFBFDD /* TT Commons Regular.otf */ = {isa = PBXFileReference; lastKnownFileType = file; path = "TT Commons Regular.otf"; sourceTree = "<group>"; };
		C3126D122B4B42F400CFBFDD /* TT Commons Medium.otf */ = {isa = PBXFileReference; lastKnownFileType = file; path = "TT Commons Medium.otf"; sourceTree = "<group>"; };
		C3126D142B4B431B00CFBFDD /* TT Commons Light.otf */ = {isa = PBXFileReference; lastKnownFileType = file; path = "TT Commons Light.otf"; sourceTree = "<group>"; };
		C3126D162B4B46A200CFBFDD /* Colors.xcassets */ = {isa = PBXFileReference; lastKnownFileType = folder.assetcatalog; path = Colors.xcassets; sourceTree = "<group>"; };
		C3126D192B4B47B900CFBFDD /* ColorExt.swift */ = {isa = PBXFileReference; lastKnownFileType = sourcecode.swift; path = ColorExt.swift; sourceTree = "<group>"; };
		C3126D1B2B4B486900CFBFDD /* Designable.swift */ = {isa = PBXFileReference; lastKnownFileType = sourcecode.swift; path = Designable.swift; sourceTree = "<group>"; };
		C3126D1D2B4B48E600CFBFDD /* VCExt.swift */ = {isa = PBXFileReference; lastKnownFileType = sourcecode.swift; path = VCExt.swift; sourceTree = "<group>"; };
		C3126D1F2B4B490E00CFBFDD /* ViewExt.swift */ = {isa = PBXFileReference; lastKnownFileType = sourcecode.swift; path = ViewExt.swift; sourceTree = "<group>"; };
		C31C17742B4DE34200B0719E /* APIRequest.swift */ = {isa = PBXFileReference; lastKnownFileType = sourcecode.swift; path = APIRequest.swift; sourceTree = "<group>"; };
		C31C17762B4DE91200B0719E /* EndPoints.swift */ = {isa = PBXFileReference; lastKnownFileType = sourcecode.swift; path = EndPoints.swift; sourceTree = "<group>"; };
		C31C17792B4DF0A200B0719E /* HomeModel.swift */ = {isa = PBXFileReference; lastKnownFileType = sourcecode.swift; path = HomeModel.swift; sourceTree = "<group>"; };
		C31C177B2B4DF0E200B0719E /* Services.swift */ = {isa = PBXFileReference; lastKnownFileType = sourcecode.swift; path = Services.swift; sourceTree = "<group>"; };
		C31C177D2B4DF51800B0719E /* Home+API.swift */ = {isa = PBXFileReference; lastKnownFileType = sourcecode.swift; path = "Home+API.swift"; sourceTree = "<group>"; };
		C31C17802B4DF6AA00B0719E /* AlertView.swift */ = {isa = PBXFileReference; lastKnownFileType = sourcecode.swift; path = AlertView.swift; sourceTree = "<group>"; };
		C31C17822B4E145200B0719E /* Login+API.swift */ = {isa = PBXFileReference; lastKnownFileType = sourcecode.swift; path = "Login+API.swift"; sourceTree = "<group>"; };
		C31C17842B4E15C800B0719E /* SignUp+API.swift */ = {isa = PBXFileReference; lastKnownFileType = sourcecode.swift; path = "SignUp+API.swift"; sourceTree = "<group>"; };
		C31C17872B4E19C100B0719E /* LoginModel.swift */ = {isa = PBXFileReference; lastKnownFileType = sourcecode.swift; path = LoginModel.swift; sourceTree = "<group>"; };
		C31C178A2B4E1AD200B0719E /* SignUpModel.swift */ = {isa = PBXFileReference; lastKnownFileType = sourcecode.swift; path = SignUpModel.swift; sourceTree = "<group>"; };
		C35A34AA2B4C7BFC0073927B /* Login.storyboard */ = {isa = PBXFileReference; lastKnownFileType = file.storyboard; path = Login.storyboard; sourceTree = "<group>"; };
		C35A34AC2B4C7C180073927B /* LoginViewController.swift */ = {isa = PBXFileReference; lastKnownFileType = sourcecode.swift; path = LoginViewController.swift; sourceTree = "<group>"; };
		C372B1712B4CC758002D2D5F /* Home.storyboard */ = {isa = PBXFileReference; lastKnownFileType = file.storyboard; path = Home.storyboard; sourceTree = "<group>"; };
		C372B1742B4CC76C002D2D5F /* HomeViewController.swift */ = {isa = PBXFileReference; lastKnownFileType = sourcecode.swift; path = HomeViewController.swift; sourceTree = "<group>"; };
		C372B1772B4CCB19002D2D5F /* CategoriesTableViewCell.swift */ = {isa = PBXFileReference; lastKnownFileType = sourcecode.swift; path = CategoriesTableViewCell.swift; sourceTree = "<group>"; };
		C372B17A2B4CCB3B002D2D5F /* CategoriesCollectionViewCell.swift */ = {isa = PBXFileReference; lastKnownFileType = sourcecode.swift; path = CategoriesCollectionViewCell.swift; sourceTree = "<group>"; };
		C372B17B2B4CCB3B002D2D5F /* CategoriesCollectionViewCell.xib */ = {isa = PBXFileReference; lastKnownFileType = file.xib; path = CategoriesCollectionViewCell.xib; sourceTree = "<group>"; };
		C37E85C62B4CD5D400084624 /* HeaderTableViewCell.swift */ = {isa = PBXFileReference; lastKnownFileType = sourcecode.swift; path = HeaderTableViewCell.swift; sourceTree = "<group>"; };
		C37E85C72B4CD5D400084624 /* HeaderTableViewCell.xib */ = {isa = PBXFileReference; lastKnownFileType = file.xib; path = HeaderTableViewCell.xib; sourceTree = "<group>"; };
		C387037C2B4DBFFB00577299 /* Home+TableDelegate.swift */ = {isa = PBXFileReference; lastKnownFileType = sourcecode.swift; path = "Home+TableDelegate.swift"; sourceTree = "<group>"; };
		C387037E2B4DC31D00577299 /* CategoriesTableCell+CollectionDelegate.swift */ = {isa = PBXFileReference; lastKnownFileType = sourcecode.swift; path = "CategoriesTableCell+CollectionDelegate.swift"; sourceTree = "<group>"; };
		C38703802B4DC83500577299 /* PopularTableViewCell.swift */ = {isa = PBXFileReference; lastKnownFileType = sourcecode.swift; path = PopularTableViewCell.swift; sourceTree = "<group>"; };
		C38703822B4DC85900577299 /* PopularTableCell+CellectionDelegate.swift */ = {isa = PBXFileReference; lastKnownFileType = sourcecode.swift; path = "PopularTableCell+CellectionDelegate.swift"; sourceTree = "<group>"; };
		C38703842B4DCA2200577299 /* TrendingTableViewCell.swift */ = {isa = PBXFileReference; lastKnownFileType = sourcecode.swift; path = TrendingTableViewCell.swift; sourceTree = "<group>"; };
		C38703862B4DCA3B00577299 /* Trending+CollectionDelegate.swift */ = {isa = PBXFileReference; lastKnownFileType = sourcecode.swift; path = "Trending+CollectionDelegate.swift"; sourceTree = "<group>"; };
		C38703892B4DCAB200577299 /* PopularCollectionViewCell.swift */ = {isa = PBXFileReference; lastKnownFileType = sourcecode.swift; path = PopularCollectionViewCell.swift; sourceTree = "<group>"; };
		C387038A2B4DCAB200577299 /* PopularCollectionViewCell.xib */ = {isa = PBXFileReference; lastKnownFileType = file.xib; path = PopularCollectionViewCell.xib; sourceTree = "<group>"; };
		C387038E2B4DCAD400577299 /* TrendingCollectionViewCell.swift */ = {isa = PBXFileReference; lastKnownFileType = sourcecode.swift; path = TrendingCollectionViewCell.swift; sourceTree = "<group>"; };
		C387038F2B4DCAD400577299 /* TrendingCollectionViewCell.xib */ = {isa = PBXFileReference; lastKnownFileType = file.xib; path = TrendingCollectionViewCell.xib; sourceTree = "<group>"; };
/* End PBXFileReference section */

/* Begin PBXFrameworksBuildPhase section */
		C3126CE62B4B191900CFBFDD /* Frameworks */ = {
			isa = PBXFrameworksBuildPhase;
			buildActionMask = 2147483647;
			files = (
				F74EF49994902CBCBB47351D /* Pods_YajhzTask.framework in Frameworks */,
			);
			runOnlyForDeploymentPostprocessing = 0;
		};
/* End PBXFrameworksBuildPhase section */

/* Begin PBXGroup section */
		3D730826E6D0078E7427BDE1 /* Pods */ = {
			isa = PBXGroup;
			children = (
				903576BC2355A61979916AE0 /* Pods-YajhzTask.debug.xcconfig */,
				118701D428BD221778DBD1F6 /* Pods-YajhzTask.release.xcconfig */,
			);
			path = Pods;
			sourceTree = "<group>";
		};
		8787D618AFC8B4E07D91F4FB /* Frameworks */ = {
			isa = PBXGroup;
			children = (
				0852275E268618AED10B93D9 /* Pods_YajhzTask.framework */,
			);
			name = Frameworks;
			sourceTree = "<group>";
		};
		C3126CE02B4B191900CFBFDD = {
			isa = PBXGroup;
			children = (
				C3126CEB2B4B191900CFBFDD /* YajhzTask */,
				C3126CEA2B4B191900CFBFDD /* Products */,
				3D730826E6D0078E7427BDE1 /* Pods */,
				8787D618AFC8B4E07D91F4FB /* Frameworks */,
			);
			sourceTree = "<group>";
		};
		C3126CEA2B4B191900CFBFDD /* Products */ = {
			isa = PBXGroup;
			children = (
				C3126CE92B4B191900CFBFDD /* YajhzTask.app */,
			);
			name = Products;
			sourceTree = "<group>";
		};
		C3126CEB2B4B191900CFBFDD /* YajhzTask */ = {
			isa = PBXGroup;
			children = (
				C3126CEC2B4B191900CFBFDD /* AppDelegate.swift */,
				C3126CEE2B4B191900CFBFDD /* SceneDelegate.swift */,
				C3126D0C2B4B421700CFBFDD /* Helpers */,
				C3126D002B4B34D100CFBFDD /* Auth */,
				C372B16F2B4CC745002D2D5F /* Home */,
				C3126CF52B4B191B00CFBFDD /* Assets.xcassets */,
				C3126D162B4B46A200CFBFDD /* Colors.xcassets */,
				C3126CF72B4B191B00CFBFDD /* LaunchScreen.storyboard */,
				C3126CFA2B4B191B00CFBFDD /* Info.plist */,
			);
			path = YajhzTask;
			sourceTree = "<group>";
		};
		C3126D002B4B34D100CFBFDD /* Auth */ = {
			isa = PBXGroup;
			children = (
				C3126D012B4B34E800CFBFDD /* SignUp */,
				C35A34A72B4C7BE10073927B /* Login */,
			);
			path = Auth;
			sourceTree = "<group>";
		};
		C3126D012B4B34E800CFBFDD /* SignUp */ = {
			isa = PBXGroup;
			children = (
				C31C17892B4E1AC100B0719E /* Model */,
				C3126D032B4B350C00CFBFDD /* Controller */,
				C3126D022B4B350300CFBFDD /* View */,
			);
			path = SignUp;
			sourceTree = "<group>";
		};
		C3126D022B4B350300CFBFDD /* View */ = {
			isa = PBXGroup;
			children = (
				C3126D082B4B353600CFBFDD /* SignUp.storyboard */,
			);
			path = View;
			sourceTree = "<group>";
		};
		C3126D032B4B350C00CFBFDD /* Controller */ = {
			isa = PBXGroup;
			children = (
				C3126D0A2B4B354900CFBFDD /* SignUpViewController.swift */,
				C31C17842B4E15C800B0719E /* SignUp+API.swift */,
			);
			path = Controller;
			sourceTree = "<group>";
		};
		C3126D0C2B4B421700CFBFDD /* Helpers */ = {
			isa = PBXGroup;
			children = (
				C31C177F2B4DF69C00B0719E /* Alert */,
				C3126D182B4B47A800CFBFDD /* Extentions */,
				C3126D0D2B4B422300CFBFDD /* Fonts */,
				C31C17732B4DE2D600B0719E /* NetworkLayer */,
			);
			path = Helpers;
			sourceTree = "<group>";
		};
		C3126D0D2B4B422300CFBFDD /* Fonts */ = {
			isa = PBXGroup;
			children = (
				C3126D0E2B4B42A500CFBFDD /* TT Commons DemiBold.otf */,
				C3126D102B4B42E900CFBFDD /* TT Commons Regular.otf */,
				C3126D122B4B42F400CFBFDD /* TT Commons Medium.otf */,
				C3126D142B4B431B00CFBFDD /* TT Commons Light.otf */,
			);
			path = Fonts;
			sourceTree = "<group>";
		};
		C3126D182B4B47A800CFBFDD /* Extentions */ = {
			isa = PBXGroup;
			children = (
				C3126D192B4B47B900CFBFDD /* ColorExt.swift */,
				C3126D1B2B4B486900CFBFDD /* Designable.swift */,
				C3126D1D2B4B48E600CFBFDD /* VCExt.swift */,
				C3126D1F2B4B490E00CFBFDD /* ViewExt.swift */,
			);
			path = Extentions;
			sourceTree = "<group>";
		};
		C31C17732B4DE2D600B0719E /* NetworkLayer */ = {
			isa = PBXGroup;
			children = (
				C31C17742B4DE34200B0719E /* APIRequest.swift */,
				C31C17762B4DE91200B0719E /* EndPoints.swift */,
				C31C177B2B4DF0E200B0719E /* Services.swift */,
			);
			path = NetworkLayer;
			sourceTree = "<group>";
		};
		C31C17782B4DF08900B0719E /* Model */ = {
			isa = PBXGroup;
			children = (
				C31C17792B4DF0A200B0719E /* HomeModel.swift */,
			);
			path = Model;
			sourceTree = "<group>";
		};
		C31C177F2B4DF69C00B0719E /* Alert */ = {
			isa = PBXGroup;
			children = (
				C31C17802B4DF6AA00B0719E /* AlertView.swift */,
			);
			path = Alert;
			sourceTree = "<group>";
		};
		C31C17862B4E19AA00B0719E /* Model */ = {
			isa = PBXGroup;
			children = (
				C31C17872B4E19C100B0719E /* LoginModel.swift */,
			);
			path = Model;
			sourceTree = "<group>";
		};
		C31C17892B4E1AC100B0719E /* Model */ = {
			isa = PBXGroup;
			children = (
				C31C178A2B4E1AD200B0719E /* SignUpModel.swift */,
			);
			path = Model;
			sourceTree = "<group>";
		};
		C35A34A72B4C7BE10073927B /* Login */ = {
			isa = PBXGroup;
			children = (
				C31C17862B4E19AA00B0719E /* Model */,
				C35A34A92B4C7BED0073927B /* Controller */,
				C35A34A82B4C7BE80073927B /* View */,
			);
			path = Login;
			sourceTree = "<group>";
		};
		C35A34A82B4C7BE80073927B /* View */ = {
			isa = PBXGroup;
			children = (
				C35A34AA2B4C7BFC0073927B /* Login.storyboard */,
			);
			path = View;
			sourceTree = "<group>";
		};
		C35A34A92B4C7BED0073927B /* Controller */ = {
			isa = PBXGroup;
			children = (
				C35A34AC2B4C7C180073927B /* LoginViewController.swift */,
				C31C17822B4E145200B0719E /* Login+API.swift */,
			);
			path = Controller;
			sourceTree = "<group>";
		};
		C372B16F2B4CC745002D2D5F /* Home */ = {
			isa = PBXGroup;
			children = (
				C31C17782B4DF08900B0719E /* Model */,
				C372B1732B4CC75F002D2D5F /* Controller */,
				C372B1702B4CC74D002D2D5F /* View */,
			);
			path = Home;
			sourceTree = "<group>";
		};
		C372B1702B4CC74D002D2D5F /* View */ = {
			isa = PBXGroup;
			children = (
				C372B1712B4CC758002D2D5F /* Home.storyboard */,
			);
			path = View;
			sourceTree = "<group>";
		};
		C372B1732B4CC75F002D2D5F /* Controller */ = {
			isa = PBXGroup;
			children = (
				C372B1762B4CC76F002D2D5F /* Cells */,
				C372B1742B4CC76C002D2D5F /* HomeViewController.swift */,
				C387037C2B4DBFFB00577299 /* Home+TableDelegate.swift */,
				C31C177D2B4DF51800B0719E /* Home+API.swift */,
			);
			path = Controller;
			sourceTree = "<group>";
		};
		C372B1762B4CC76F002D2D5F /* Cells */ = {
			isa = PBXGroup;
			children = (
				C37E85C52B4CD5C600084624 /* HeaderTableViewCell */,
				C372B1772B4CCB19002D2D5F /* CategoriesTableViewCell.swift */,
				C387037E2B4DC31D00577299 /* CategoriesTableCell+CollectionDelegate.swift */,
				C372B1792B4CCB21002D2D5F /* CategoriesCollectionViewCell */,
				C38703802B4DC83500577299 /* PopularTableViewCell.swift */,
				C38703822B4DC85900577299 /* PopularTableCell+CellectionDelegate.swift */,
				C38703882B4DCA9500577299 /* PopularCollectionViewCell */,
				C38703842B4DCA2200577299 /* TrendingTableViewCell.swift */,
				C38703862B4DCA3B00577299 /* Trending+CollectionDelegate.swift */,
				C387038D2B4DCACA00577299 /* TrendingCollectionViewCell */,
			);
			path = Cells;
			sourceTree = "<group>";
		};
		C372B1792B4CCB21002D2D5F /* CategoriesCollectionViewCell */ = {
			isa = PBXGroup;
			children = (
				C372B17A2B4CCB3B002D2D5F /* CategoriesCollectionViewCell.swift */,
				C372B17B2B4CCB3B002D2D5F /* CategoriesCollectionViewCell.xib */,
			);
			path = CategoriesCollectionViewCell;
			sourceTree = "<group>";
		};
		C37E85C52B4CD5C600084624 /* HeaderTableViewCell */ = {
			isa = PBXGroup;
			children = (
				C37E85C62B4CD5D400084624 /* HeaderTableViewCell.swift */,
				C37E85C72B4CD5D400084624 /* HeaderTableViewCell.xib */,
			);
			path = HeaderTableViewCell;
			sourceTree = "<group>";
		};
		C38703882B4DCA9500577299 /* PopularCollectionViewCell */ = {
			isa = PBXGroup;
			children = (
				C38703892B4DCAB200577299 /* PopularCollectionViewCell.swift */,
				C387038A2B4DCAB200577299 /* PopularCollectionViewCell.xib */,
			);
			path = PopularCollectionViewCell;
			sourceTree = "<group>";
		};
		C387038D2B4DCACA00577299 /* TrendingCollectionViewCell */ = {
			isa = PBXGroup;
			children = (
				C387038E2B4DCAD400577299 /* TrendingCollectionViewCell.swift */,
				C387038F2B4DCAD400577299 /* TrendingCollectionViewCell.xib */,
			);
			path = TrendingCollectionViewCell;
			sourceTree = "<group>";
		};
/* End PBXGroup section */

/* Begin PBXNativeTarget section */
		C3126CE82B4B191900CFBFDD /* YajhzTask */ = {
			isa = PBXNativeTarget;
			buildConfigurationList = C3126CFD2B4B191B00CFBFDD /* Build configuration list for PBXNativeTarget "YajhzTask" */;
			buildPhases = (
				00F70F3AE1BF18AEDBB9B0D7 /* [CP] Check Pods Manifest.lock */,
				C3126CE52B4B191900CFBFDD /* Sources */,
				C3126CE62B4B191900CFBFDD /* Frameworks */,
				C3126CE72B4B191900CFBFDD /* Resources */,
				B6A9543A2B3D428EF29A8ED2 /* [CP] Embed Pods Frameworks */,
				C8D0DDB58D7840F055E9174F /* [CP] Copy Pods Resources */,
			);
			buildRules = (
			);
			dependencies = (
			);
			name = YajhzTask;
			productName = YajhzTask;
			productReference = C3126CE92B4B191900CFBFDD /* YajhzTask.app */;
			productType = "com.apple.product-type.application";
		};
/* End PBXNativeTarget section */

/* Begin PBXProject section */
		C3126CE12B4B191900CFBFDD /* Project object */ = {
			isa = PBXProject;
			attributes = {
				BuildIndependentTargetsInParallel = 1;
				LastSwiftUpdateCheck = 1420;
				LastUpgradeCheck = 1420;
				TargetAttributes = {
					C3126CE82B4B191900CFBFDD = {
						CreatedOnToolsVersion = 14.2;
					};
				};
			};
			buildConfigurationList = C3126CE42B4B191900CFBFDD /* Build configuration list for PBXProject "YajhzTask" */;
			compatibilityVersion = "Xcode 14.0";
			developmentRegion = en;
			hasScannedForEncodings = 0;
			knownRegions = (
				en,
				Base,
			);
			mainGroup = C3126CE02B4B191900CFBFDD;
			productRefGroup = C3126CEA2B4B191900CFBFDD /* Products */;
			projectDirPath = "";
			projectRoot = "";
			targets = (
				C3126CE82B4B191900CFBFDD /* YajhzTask */,
			);
		};
/* End PBXProject section */

/* Begin PBXResourcesBuildPhase section */
		C3126CE72B4B191900CFBFDD /* Resources */ = {
			isa = PBXResourcesBuildPhase;
			buildActionMask = 2147483647;
			files = (
				C3126CF92B4B191B00CFBFDD /* LaunchScreen.storyboard in Resources */,
				C372B1722B4CC758002D2D5F /* Home.storyboard in Resources */,
				C3126D112B4B42E900CFBFDD /* TT Commons Regular.otf in Resources */,
				C3126CF62B4B191B00CFBFDD /* Assets.xcassets in Resources */,
				C37E85C92B4CD5D400084624 /* HeaderTableViewCell.xib in Resources */,
				C3126D132B4B42F400CFBFDD /* TT Commons Medium.otf in Resources */,
				C3126D152B4B431B00CFBFDD /* TT Commons Light.otf in Resources */,
				C3126D172B4B46A200CFBFDD /* Colors.xcassets in Resources */,
				C3126D0F2B4B42A500CFBFDD /* TT Commons DemiBold.otf in Resources */,
				C38703912B4DCAD400577299 /* TrendingCollectionViewCell.xib in Resources */,
				C3126D092B4B353600CFBFDD /* SignUp.storyboard in Resources */,
				C372B17D2B4CCB3B002D2D5F /* CategoriesCollectionViewCell.xib in Resources */,
				C387038C2B4DCAB200577299 /* PopularCollectionViewCell.xib in Resources */,
				C35A34AB2B4C7BFC0073927B /* Login.storyboard in Resources */,
			);
			runOnlyForDeploymentPostprocessing = 0;
		};
/* End PBXResourcesBuildPhase section */

/* Begin PBXShellScriptBuildPhase section */
		00F70F3AE1BF18AEDBB9B0D7 /* [CP] Check Pods Manifest.lock */ = {
			isa = PBXShellScriptBuildPhase;
			buildActionMask = 2147483647;
			files = (
			);
			inputFileListPaths = (
			);
			inputPaths = (
				"${PODS_PODFILE_DIR_PATH}/Podfile.lock",
				"${PODS_ROOT}/Manifest.lock",
			);
			name = "[CP] Check Pods Manifest.lock";
			outputFileListPaths = (
			);
			outputPaths = (
				"$(DERIVED_FILE_DIR)/Pods-YajhzTask-checkManifestLockResult.txt",
			);
			runOnlyForDeploymentPostprocessing = 0;
			shellPath = /bin/sh;
			shellScript = "diff \"${PODS_PODFILE_DIR_PATH}/Podfile.lock\" \"${PODS_ROOT}/Manifest.lock\" > /dev/null\nif [ $? != 0 ] ; then\n    # print error to STDERR\n    echo \"error: The sandbox is not in sync with the Podfile.lock. Run 'pod install' or update your CocoaPods installation.\" >&2\n    exit 1\nfi\n# This output is used by Xcode 'outputs' to avoid re-running this script phase.\necho \"SUCCESS\" > \"${SCRIPT_OUTPUT_FILE_0}\"\n";
			showEnvVarsInLog = 0;
		};
		B6A9543A2B3D428EF29A8ED2 /* [CP] Embed Pods Frameworks */ = {
			isa = PBXShellScriptBuildPhase;
			buildActionMask = 2147483647;
			files = (
			);
			inputFileListPaths = (
				"${PODS_ROOT}/Target Support Files/Pods-YajhzTask/Pods-YajhzTask-frameworks-${CONFIGURATION}-input-files.xcfilelist",
			);
			name = "[CP] Embed Pods Frameworks";
			outputFileListPaths = (
				"${PODS_ROOT}/Target Support Files/Pods-YajhzTask/Pods-YajhzTask-frameworks-${CONFIGURATION}-output-files.xcfilelist",
			);
			runOnlyForDeploymentPostprocessing = 0;
			shellPath = /bin/sh;
			shellScript = "\"${PODS_ROOT}/Target Support Files/Pods-YajhzTask/Pods-YajhzTask-frameworks.sh\"\n";
			showEnvVarsInLog = 0;
		};
		C8D0DDB58D7840F055E9174F /* [CP] Copy Pods Resources */ = {
			isa = PBXShellScriptBuildPhase;
			buildActionMask = 2147483647;
			files = (
			);
			inputFileListPaths = (
				"${PODS_ROOT}/Target Support Files/Pods-YajhzTask/Pods-YajhzTask-resources-${CONFIGURATION}-input-files.xcfilelist",
			);
			name = "[CP] Copy Pods Resources";
			outputFileListPaths = (
				"${PODS_ROOT}/Target Support Files/Pods-YajhzTask/Pods-YajhzTask-resources-${CONFIGURATION}-output-files.xcfilelist",
			);
			runOnlyForDeploymentPostprocessing = 0;
			shellPath = /bin/sh;
			shellScript = "\"${PODS_ROOT}/Target Support Files/Pods-YajhzTask/Pods-YajhzTask-resources.sh\"\n";
			showEnvVarsInLog = 0;
		};
/* End PBXShellScriptBuildPhase section */

/* Begin PBXSourcesBuildPhase section */
		C3126CE52B4B191900CFBFDD /* Sources */ = {
			isa = PBXSourcesBuildPhase;
			buildActionMask = 2147483647;
			files = (
				C3126D1E2B4B48E600CFBFDD /* VCExt.swift in Sources */,
				C31C17752B4DE34200B0719E /* APIRequest.swift in Sources */,
				C38703812B4DC83500577299 /* PopularTableViewCell.swift in Sources */,
				C3126D0B2B4B354900CFBFDD /* SignUpViewController.swift in Sources */,
				C31C177E2B4DF51800B0719E /* Home+API.swift in Sources */,
				C3126D1A2B4B47B900CFBFDD /* ColorExt.swift in Sources */,
				C3126CED2B4B191900CFBFDD /* AppDelegate.swift in Sources */,
				C37E85C82B4CD5D400084624 /* HeaderTableViewCell.swift in Sources */,
				C38703902B4DCAD400577299 /* TrendingCollectionViewCell.swift in Sources */,
				C387037D2B4DBFFB00577299 /* Home+TableDelegate.swift in Sources */,
				C38703832B4DC85A00577299 /* PopularTableCell+CellectionDelegate.swift in Sources */,
				C31C17772B4DE91200B0719E /* EndPoints.swift in Sources */,
				C35A34AD2B4C7C180073927B /* LoginViewController.swift in Sources */,
				C387037F2B4DC31D00577299 /* CategoriesTableCell+CollectionDelegate.swift in Sources */,
				C31C177C2B4DF0E200B0719E /* Services.swift in Sources */,
				C372B1752B4CC76C002D2D5F /* HomeViewController.swift in Sources */,
				C387038B2B4DCAB200577299 /* PopularCollectionViewCell.swift in Sources */,
				C31C17832B4E145200B0719E /* Login+API.swift in Sources */,
				C31C17852B4E15C800B0719E /* SignUp+API.swift in Sources */,
				C38703852B4DCA2200577299 /* TrendingTableViewCell.swift in Sources */,
				C3126D202B4B490E00CFBFDD /* ViewExt.swift in Sources */,
				C38703872B4DCA3B00577299 /* Trending+CollectionDelegate.swift in Sources */,
				C3126D1C2B4B486900CFBFDD /* Designable.swift in Sources */,
				C31C17882B4E19C100B0719E /* LoginModel.swift in Sources */,
				C31C17812B4DF6AA00B0719E /* AlertView.swift in Sources */,
				C372B17C2B4CCB3B002D2D5F /* CategoriesCollectionViewCell.swift in Sources */,
				C3126CEF2B4B191900CFBFDD /* SceneDelegate.swift in Sources */,
				C31C178B2B4E1AD200B0719E /* SignUpModel.swift in Sources */,
				C372B1782B4CCB19002D2D5F /* CategoriesTableViewCell.swift in Sources */,
				C31C177A2B4DF0A200B0719E /* HomeModel.swift in Sources */,
			);
			runOnlyForDeploymentPostprocessing = 0;
		};
/* End PBXSourcesBuildPhase section */

/* Begin PBXVariantGroup section */
		C3126CF72B4B191B00CFBFDD /* LaunchScreen.storyboard */ = {
			isa = PBXVariantGroup;
			children = (
				C3126CF82B4B191B00CFBFDD /* Base */,
			);
			name = LaunchScreen.storyboard;
			sourceTree = "<group>";
		};
/* End PBXVariantGroup section */

/* Begin XCBuildConfiguration section */
		C3126CFB2B4B191B00CFBFDD /* Debug */ = {
			isa = XCBuildConfiguration;
			buildSettings = {
				ALWAYS_SEARCH_USER_PATHS = NO;
				CLANG_ANALYZER_NONNULL = YES;
				CLANG_ANALYZER_NUMBER_OBJECT_CONVERSION = YES_AGGRESSIVE;
				CLANG_CXX_LANGUAGE_STANDARD = "gnu++20";
				CLANG_ENABLE_MODULES = YES;
				CLANG_ENABLE_OBJC_ARC = YES;
				CLANG_ENABLE_OBJC_WEAK = YES;
				CLANG_WARN_BLOCK_CAPTURE_AUTORELEASING = YES;
				CLANG_WARN_BOOL_CONVERSION = YES;
				CLANG_WARN_COMMA = YES;
				CLANG_WARN_CONSTANT_CONVERSION = YES;
				CLANG_WARN_DEPRECATED_OBJC_IMPLEMENTATIONS = YES;
				CLANG_WARN_DIRECT_OBJC_ISA_USAGE = YES_ERROR;
				CLANG_WARN_DOCUMENTATION_COMMENTS = YES;
				CLANG_WARN_EMPTY_BODY = YES;
				CLANG_WARN_ENUM_CONVERSION = YES;
				CLANG_WARN_INFINITE_RECURSION = YES;
				CLANG_WARN_INT_CONVERSION = YES;
				CLANG_WARN_NON_LITERAL_NULL_CONVERSION = YES;
				CLANG_WARN_OBJC_IMPLICIT_RETAIN_SELF = YES;
				CLANG_WARN_OBJC_LITERAL_CONVERSION = YES;
				CLANG_WARN_OBJC_ROOT_CLASS = YES_ERROR;
				CLANG_WARN_QUOTED_INCLUDE_IN_FRAMEWORK_HEADER = YES;
				CLANG_WARN_RANGE_LOOP_ANALYSIS = YES;
				CLANG_WARN_STRICT_PROTOTYPES = YES;
				CLANG_WARN_SUSPICIOUS_MOVE = YES;
				CLANG_WARN_UNGUARDED_AVAILABILITY = YES_AGGRESSIVE;
				CLANG_WARN_UNREACHABLE_CODE = YES;
				CLANG_WARN__DUPLICATE_METHOD_MATCH = YES;
				COPY_PHASE_STRIP = NO;
				DEBUG_INFORMATION_FORMAT = dwarf;
				ENABLE_STRICT_OBJC_MSGSEND = YES;
				ENABLE_TESTABILITY = YES;
				GCC_C_LANGUAGE_STANDARD = gnu11;
				GCC_DYNAMIC_NO_PIC = NO;
				GCC_NO_COMMON_BLOCKS = YES;
				GCC_OPTIMIZATION_LEVEL = 0;
				GCC_PREPROCESSOR_DEFINITIONS = (
					"DEBUG=1",
					"$(inherited)",
				);
				GCC_WARN_64_TO_32_BIT_CONVERSION = YES;
				GCC_WARN_ABOUT_RETURN_TYPE = YES_ERROR;
				GCC_WARN_UNDECLARED_SELECTOR = YES;
				GCC_WARN_UNINITIALIZED_AUTOS = YES_AGGRESSIVE;
				GCC_WARN_UNUSED_FUNCTION = YES;
				GCC_WARN_UNUSED_VARIABLE = YES;
				IPHONEOS_DEPLOYMENT_TARGET = 16.2;
				MTL_ENABLE_DEBUG_INFO = INCLUDE_SOURCE;
				MTL_FAST_MATH = YES;
				ONLY_ACTIVE_ARCH = YES;
				SDKROOT = iphoneos;
				SWIFT_ACTIVE_COMPILATION_CONDITIONS = DEBUG;
				SWIFT_OPTIMIZATION_LEVEL = "-Onone";
			};
			name = Debug;
		};
		C3126CFC2B4B191B00CFBFDD /* Release */ = {
			isa = XCBuildConfiguration;
			buildSettings = {
				ALWAYS_SEARCH_USER_PATHS = NO;
				CLANG_ANALYZER_NONNULL = YES;
				CLANG_ANALYZER_NUMBER_OBJECT_CONVERSION = YES_AGGRESSIVE;
				CLANG_CXX_LANGUAGE_STANDARD = "gnu++20";
				CLANG_ENABLE_MODULES = YES;
				CLANG_ENABLE_OBJC_ARC = YES;
				CLANG_ENABLE_OBJC_WEAK = YES;
				CLANG_WARN_BLOCK_CAPTURE_AUTORELEASING = YES;
				CLANG_WARN_BOOL_CONVERSION = YES;
				CLANG_WARN_COMMA = YES;
				CLANG_WARN_CONSTANT_CONVERSION = YES;
				CLANG_WARN_DEPRECATED_OBJC_IMPLEMENTATIONS = YES;
				CLANG_WARN_DIRECT_OBJC_ISA_USAGE = YES_ERROR;
				CLANG_WARN_DOCUMENTATION_COMMENTS = YES;
				CLANG_WARN_EMPTY_BODY = YES;
				CLANG_WARN_ENUM_CONVERSION = YES;
				CLANG_WARN_INFINITE_RECURSION = YES;
				CLANG_WARN_INT_CONVERSION = YES;
				CLANG_WARN_NON_LITERAL_NULL_CONVERSION = YES;
				CLANG_WARN_OBJC_IMPLICIT_RETAIN_SELF = YES;
				CLANG_WARN_OBJC_LITERAL_CONVERSION = YES;
				CLANG_WARN_OBJC_ROOT_CLASS = YES_ERROR;
				CLANG_WARN_QUOTED_INCLUDE_IN_FRAMEWORK_HEADER = YES;
				CLANG_WARN_RANGE_LOOP_ANALYSIS = YES;
				CLANG_WARN_STRICT_PROTOTYPES = YES;
				CLANG_WARN_SUSPICIOUS_MOVE = YES;
				CLANG_WARN_UNGUARDED_AVAILABILITY = YES_AGGRESSIVE;
				CLANG_WARN_UNREACHABLE_CODE = YES;
				CLANG_WARN__DUPLICATE_METHOD_MATCH = YES;
				COPY_PHASE_STRIP = NO;
				DEBUG_INFORMATION_FORMAT = "dwarf-with-dsym";
				ENABLE_NS_ASSERTIONS = NO;
				ENABLE_STRICT_OBJC_MSGSEND = YES;
				GCC_C_LANGUAGE_STANDARD = gnu11;
				GCC_NO_COMMON_BLOCKS = YES;
				GCC_WARN_64_TO_32_BIT_CONVERSION = YES;
				GCC_WARN_ABOUT_RETURN_TYPE = YES_ERROR;
				GCC_WARN_UNDECLARED_SELECTOR = YES;
				GCC_WARN_UNINITIALIZED_AUTOS = YES_AGGRESSIVE;
				GCC_WARN_UNUSED_FUNCTION = YES;
				GCC_WARN_UNUSED_VARIABLE = YES;
				IPHONEOS_DEPLOYMENT_TARGET = 16.2;
				MTL_ENABLE_DEBUG_INFO = NO;
				MTL_FAST_MATH = YES;
				SDKROOT = iphoneos;
				SWIFT_COMPILATION_MODE = wholemodule;
				SWIFT_OPTIMIZATION_LEVEL = "-O";
				VALIDATE_PRODUCT = YES;
			};
			name = Release;
		};
		C3126CFE2B4B191B00CFBFDD /* Debug */ = {
			isa = XCBuildConfiguration;
			baseConfigurationReference = 903576BC2355A61979916AE0 /* Pods-YajhzTask.debug.xcconfig */;
			buildSettings = {
				ASSETCATALOG_COMPILER_APPICON_NAME = AppIcon;
				ASSETCATALOG_COMPILER_GLOBAL_ACCENT_COLOR_NAME = AccentColor;
				CODE_SIGN_STYLE = Automatic;
				CURRENT_PROJECT_VERSION = 1;
				DEVELOPMENT_TEAM = 346Q44X4XP;
				GENERATE_INFOPLIST_FILE = YES;
				INFOPLIST_FILE = YajhzTask/Info.plist;
				INFOPLIST_KEY_UIApplicationSupportsIndirectInputEvents = YES;
				INFOPLIST_KEY_UILaunchStoryboardName = LaunchScreen;
				INFOPLIST_KEY_UISupportedInterfaceOrientations_iPad = "UIInterfaceOrientationPortrait UIInterfaceOrientationPortraitUpsideDown UIInterfaceOrientationLandscapeLeft UIInterfaceOrientationLandscapeRight";
				INFOPLIST_KEY_UISupportedInterfaceOrientations_iPhone = "UIInterfaceOrientationPortrait UIInterfaceOrientationLandscapeLeft UIInterfaceOrientationLandscapeRight";
				LD_RUNPATH_SEARCH_PATHS = (
					"$(inherited)",
					"@executable_path/Frameworks",
				);
				MARKETING_VERSION = 1.0;
				PRODUCT_BUNDLE_IDENTIFIER = task.YajhzTask;
				PRODUCT_NAME = "$(TARGET_NAME)";
				SWIFT_EMIT_LOC_STRINGS = YES;
				SWIFT_VERSION = 5.0;
				TARGETED_DEVICE_FAMILY = "1,2";
			};
			name = Debug;
		};
		C3126CFF2B4B191B00CFBFDD /* Release */ = {
			isa = XCBuildConfiguration;
			baseConfigurationReference = 118701D428BD221778DBD1F6 /* Pods-YajhzTask.release.xcconfig */;
			buildSettings = {
				ASSETCATALOG_COMPILER_APPICON_NAME = AppIcon;
				ASSETCATALOG_COMPILER_GLOBAL_ACCENT_COLOR_NAME = AccentColor;
				CODE_SIGN_STYLE = Automatic;
				CURRENT_PROJECT_VERSION = 1;
				DEVELOPMENT_TEAM = 346Q44X4XP;
				GENERATE_INFOPLIST_FILE = YES;
				INFOPLIST_FILE = YajhzTask/Info.plist;
				INFOPLIST_KEY_UIApplicationSupportsIndirectInputEvents = YES;
				INFOPLIST_KEY_UILaunchStoryboardName = LaunchScreen;
				INFOPLIST_KEY_UISupportedInterfaceOrientations_iPad = "UIInterfaceOrientationPortrait UIInterfaceOrientationPortraitUpsideDown UIInterfaceOrientationLandscapeLeft UIInterfaceOrientationLandscapeRight";
				INFOPLIST_KEY_UISupportedInterfaceOrientations_iPhone = "UIInterfaceOrientationPortrait UIInterfaceOrientationLandscapeLeft UIInterfaceOrientationLandscapeRight";
				LD_RUNPATH_SEARCH_PATHS = (
					"$(inherited)",
					"@executable_path/Frameworks",
				);
				MARKETING_VERSION = 1.0;
				PRODUCT_BUNDLE_IDENTIFIER = task.YajhzTask;
				PRODUCT_NAME = "$(TARGET_NAME)";
				SWIFT_EMIT_LOC_STRINGS = YES;
				SWIFT_VERSION = 5.0;
				TARGETED_DEVICE_FAMILY = "1,2";
			};
			name = Release;
		};
/* End XCBuildConfiguration section */

/* Begin XCConfigurationList section */
		C3126CE42B4B191900CFBFDD /* Build configuration list for PBXProject "YajhzTask" */ = {
			isa = XCConfigurationList;
			buildConfigurations = (
				C3126CFB2B4B191B00CFBFDD /* Debug */,
				C3126CFC2B4B191B00CFBFDD /* Release */,
			);
			defaultConfigurationIsVisible = 0;
			defaultConfigurationName = Release;
		};
		C3126CFD2B4B191B00CFBFDD /* Build configuration list for PBXNativeTarget "YajhzTask" */ = {
			isa = XCConfigurationList;
			buildConfigurations = (
				C3126CFE2B4B191B00CFBFDD /* Debug */,
				C3126CFF2B4B191B00CFBFDD /* Release */,
			);
			defaultConfigurationIsVisible = 0;
			defaultConfigurationName = Release;
		};
/* End XCConfigurationList section */
	};
	rootObject = C3126CE12B4B191900CFBFDD /* Project object */;
}
